
Microsoft Visual Studio Solution File, Format Version 11.00
# Visual Studio 2010
Project("{FAE04EC0-301F-11D3-BF4B-00C04F79EFBC}") = "ISOTEST2TO", "Assembly-CSharp-firstpass.csproj", "{7923A57B-33E8-5074-F0BB-0A99CEAC381B}"
EndProject
Project("{FAE04EC0-301F-11D3-BF4B-00C04F79EFBC}") = "ISOTEST2TO", "Assembly-CSharp.csproj", "{DEDCC47B-6C1F-17ED-5456-363DD6096A9C}"
EndProject
Project("{FAE04EC0-301F-11D3-BF4B-00C04F79EFBC}") = "ISOTEST2TO", "Assembly-CSharp-Editor-firstpass.csproj", "{6FEB5FE6-9B13-C9D1-AEA1-A7A791D68899}"
EndProject
Project("{FAE04EC0-301F-11D3-BF4B-00C04F79EFBC}") = "ISOTEST2TO", "Assembly-CSharp-Editor.csproj", "{05F7ED9B-60E6-BC04-E5F6-8A7D2B273EFF}"
EndProject
Global
	GlobalSection(SolutionConfigurationPlatforms) = preSolution
		Debug|Any CPU = Debug|Any CPU
		Release|Any CPU = Release|Any CPU
	EndGlobalSection
	GlobalSection(ProjectConfigurationPlatforms) = postSolution
		{7923A57B-33E8-5074-F0BB-0A99CEAC381B}.Debug|Any CPU.ActiveCfg = Debug|Any CPU
		{7923A57B-33E8-5074-F0BB-0A99CEAC381B}.Debug|Any CPU.Build.0 = Debug|Any CPU
		{7923A57B-33E8-5074-F0BB-0A99CEAC381B}.Release|Any CPU.ActiveCfg = Release|Any CPU
		{7923A57B-33E8-5074-F0BB-0A99CEAC381B}.Release|Any CPU.Build.0 = Release|Any CPU
		{DEDCC47B-6C1F-17ED-5456-363DD6096A9C}.Debug|Any CPU.ActiveCfg = Debug|Any CPU
		{DEDCC47B-6C1F-17ED-5456-363DD6096A9C}.Debug|Any CPU.Build.0 = Debug|Any CPU
		{DEDCC47B-6C1F-17ED-5456-363DD6096A9C}.Release|Any CPU.ActiveCfg = Release|Any CPU
		{DEDCC47B-6C1F-17ED-5456-363DD6096A9C}.Release|Any CPU.Build.0 = Release|Any CPU
		{6FEB5FE6-9B13-C9D1-AEA1-A7A791D68899}.Debug|Any CPU.ActiveCfg = Debug|Any CPU
		{6FEB5FE6-9B13-C9D1-AEA1-A7A791D68899}.Debug|Any CPU.Build.0 = Debug|Any CPU
		{6FEB5FE6-9B13-C9D1-AEA1-A7A791D68899}.Release|Any CPU.ActiveCfg = Release|Any CPU
		{6FEB5FE6-9B13-C9D1-AEA1-A7A791D68899}.Release|Any CPU.Build.0 = Release|Any CPU
		{05F7ED9B-60E6-BC04-E5F6-8A7D2B273EFF}.Debug|Any CPU.ActiveCfg = Debug|Any CPU
		{05F7ED9B-60E6-BC04-E5F6-8A7D2B273EFF}.Debug|Any CPU.Build.0 = Debug|Any CPU
		{05F7ED9B-60E6-BC04-E5F6-8A7D2B273EFF}.Release|Any CPU.ActiveCfg = Release|Any CPU
		{05F7ED9B-60E6-BC04-E5F6-8A7D2B273EFF}.Release|Any CPU.Build.0 = Release|Any CPU
	EndGlobalSection
	GlobalSection(SolutionProperties) = preSolution
		HideSolutionNode = FALSE
	EndGlobalSection
	GlobalSection(MonoDevelopProperties) = preSolution
		StartupItem = Assembly-CSharp.csproj
	EndGlobalSection
EndGlobal
