
Microsoft Visual Studio Solution File, Format Version 11.00
# Visual Studio 2010
Project("{FAE04EC0-301F-11D3-BF4B-00C04F79EFBC}") = "ISOTEST", "Assembly-CSharp-firstpass.csproj", "{D68D0403-68F1-9BAA-E422-46308567E89D}"
EndProject
Project("{FAE04EC0-301F-11D3-BF4B-00C04F79EFBC}") = "ISOTEST", "Assembly-CSharp.csproj", "{97E6BE35-7CAC-A25E-EEB9-41F38108C897}"
EndProject
Project("{FAE04EC0-301F-11D3-BF4B-00C04F79EFBC}") = "ISOTEST", "Assembly-CSharp-Editor-firstpass.csproj", "{06EC321E-DBAE-7C01-9A0E-FD40CC738A22}"
EndProject
Project("{FAE04EC0-301F-11D3-BF4B-00C04F79EFBC}") = "ISOTEST", "Assembly-CSharp-Editor.csproj", "{4D06C57C-2454-B239-DCCD-DDB193215C7C}"
EndProject
Global
	GlobalSection(SolutionConfigurationPlatforms) = preSolution
		Debug|Any CPU = Debug|Any CPU
		Release|Any CPU = Release|Any CPU
	EndGlobalSection
	GlobalSection(ProjectConfigurationPlatforms) = postSolution
		{D68D0403-68F1-9BAA-E422-46308567E89D}.Debug|Any CPU.ActiveCfg = Debug|Any CPU
		{D68D0403-68F1-9BAA-E422-46308567E89D}.Debug|Any CPU.Build.0 = Debug|Any CPU
		{D68D0403-68F1-9BAA-E422-46308567E89D}.Release|Any CPU.ActiveCfg = Release|Any CPU
		{D68D0403-68F1-9BAA-E422-46308567E89D}.Release|Any CPU.Build.0 = Release|Any CPU
		{97E6BE35-7CAC-A25E-EEB9-41F38108C897}.Debug|Any CPU.ActiveCfg = Debug|Any CPU
		{97E6BE35-7CAC-A25E-EEB9-41F38108C897}.Debug|Any CPU.Build.0 = Debug|Any CPU
		{97E6BE35-7CAC-A25E-EEB9-41F38108C897}.Release|Any CPU.ActiveCfg = Release|Any CPU
		{97E6BE35-7CAC-A25E-EEB9-41F38108C897}.Release|Any CPU.Build.0 = Release|Any CPU
		{06EC321E-DBAE-7C01-9A0E-FD40CC738A22}.Debug|Any CPU.ActiveCfg = Debug|Any CPU
		{06EC321E-DBAE-7C01-9A0E-FD40CC738A22}.Debug|Any CPU.Build.0 = Debug|Any CPU
		{06EC321E-DBAE-7C01-9A0E-FD40CC738A22}.Release|Any CPU.ActiveCfg = Release|Any CPU
		{06EC321E-DBAE-7C01-9A0E-FD40CC738A22}.Release|Any CPU.Build.0 = Release|Any CPU
		{4D06C57C-2454-B239-DCCD-DDB193215C7C}.Debug|Any CPU.ActiveCfg = Debug|Any CPU
		{4D06C57C-2454-B239-DCCD-DDB193215C7C}.Debug|Any CPU.Build.0 = Debug|Any CPU
		{4D06C57C-2454-B239-DCCD-DDB193215C7C}.Release|Any CPU.ActiveCfg = Release|Any CPU
		{4D06C57C-2454-B239-DCCD-DDB193215C7C}.Release|Any CPU.Build.0 = Release|Any CPU
	EndGlobalSection
	GlobalSection(SolutionProperties) = preSolution
		HideSolutionNode = FALSE
	EndGlobalSection
	GlobalSection(MonoDevelopProperties) = preSolution
		StartupItem = Assembly-CSharp.csproj
	EndGlobalSection
EndGlobal
